
Microsoft Visual Studio Solution File, Format Version 12.00
# Visual Studio 2013
VisualStudioVersion = 12.0.31101.0
MinimumVisualStudioVersion = 10.0.40219.1
Project("{FAE04EC0-301F-11D3-BF4B-00C04F79EFBC}") = "DataApp.Core", "DataAppLib\DataApp.Core.csproj", "{EB361C24-D8AE-49CC-AE4F-59DF332CF191}"
EndProject
Project("{FAE04EC0-301F-11D3-BF4B-00C04F79EFBC}") = "DataApp.Core.Test", "DataApp.Core.Test\DataApp.Core.Test.csproj", "{0C038FF0-6D06-438A-91DD-1C7586DB1226}"
EndProject
Global
	GlobalSection(SolutionConfigurationPlatforms) = preSolution
		Debug|Any CPU = Debug|Any CPU
		Release|Any CPU = Release|Any CPU
	EndGlobalSection
	GlobalSection(ProjectConfigurationPlatforms) = postSolution
		{EB361C24-D8AE-49CC-AE4F-59DF332CF191}.Debug|Any CPU.ActiveCfg = Debug|Any CPU
		{EB361C24-D8AE-49CC-AE4F-59DF332CF191}.Debug|Any CPU.Build.0 = Debug|Any CPU
		{EB361C24-D8AE-49CC-AE4F-59DF332CF191}.Release|Any CPU.ActiveCfg = Release|Any CPU
		{EB361C24-D8AE-49CC-AE4F-59DF332CF191}.Release|Any CPU.Build.0 = Release|Any CPU
		{0C038FF0-6D06-438A-91DD-1C7586DB1226}.Debug|Any CPU.ActiveCfg = Debug|Any CPU
		{0C038FF0-6D06-438A-91DD-1C7586DB1226}.Debug|Any CPU.Build.0 = Debug|Any CPU
		{0C038FF0-6D06-438A-91DD-1C7586DB1226}.Release|Any CPU.ActiveCfg = Release|Any CPU
		{0C038FF0-6D06-438A-91DD-1C7586DB1226}.Release|Any CPU.Build.0 = Release|Any CPU
	EndGlobalSection
	GlobalSection(SolutionProperties) = preSolution
		HideSolutionNode = FALSE
	EndGlobalSection
EndGlobal
